{
  "name": "vedika-platform",
  "version": "0.1.0",
  "lockfileVersion": 3,
  "requires": true,
  "packages": {
    "": {
      "name": "vedika-platform",
      "version": "0.1.0",
      "dependencies": {
        "next": "14.2.16",
        "react": "18.3.1",
        "react-dom": "18.3.1",
        "sanity": "^3.0.0"
      },
      "devDependencies": {
        "@playwright/test": "^1.54.2",
        "@types/node": "20.17.17",
        "@types/react": "18.3.12",
        "@types/react-dom": "18.3.1",
        "autoprefixer": "10.4.20",
        "eslint": "8.57.1",
        "eslint-config-next": "14.2.16",
        "postcss": "8.5.1",
        "tailwindcss": "3.4.17",
        "typescript": "5.7.3"
      }
    },
    "node_modules/next": {
      "version": "14.2.16"
    },
    "node_modules/react": {
      "version": "18.3.1"
    },
    "node_modules/react-dom": {
      "version": "18.3.1"
    },
    "node_modules/sanity": {
      "version": "^3.0.0"
    },
    "node_modules/@playwright/test": {
      "version": "^1.54.2",
      "dev": true
    },
    "node_modules/@types/node": {
      "version": "20.17.17",
      "dev": true
    },
    "node_modules/@types/react": {
      "version": "18.3.12",
      "dev": true
    },
    "node_modules/@types/react-dom": {
      "version": "18.3.1",
      "dev": true
    },
    "node_modules/autoprefixer": {
      "version": "10.4.20",
      "dev": true
    },
    "node_modules/eslint": {
      "version": "8.57.1",
      "dev": true
    },
    "node_modules/eslint-config-next": {
      "version": "14.2.16",
      "dev": true
    },
    "node_modules/postcss": {
      "version": "8.5.1",
      "dev": true
    },
    "node_modules/tailwindcss": {
      "version": "3.4.17",
      "dev": true
    },
    "node_modules/typescript": {
      "version": "5.7.3",
      "dev": true
    }
  }
}
